
Microsoft Visual Studio Solution File, Format Version 12.00
# Visual Studio Version 17
VisualStudioVersion = 17.6.33815.320
MinimumVisualStudioVersion = 10.0.40219.1
Project("{FAE04EC0-301F-11D3-BF4B-00C04F79EFBC}") = "FKItcs", "FKItcs.csproj", "{0A0ECEDF-9075-4280-8F23-A5CC10E21262}"
EndProject
Global
	GlobalSection(SolutionConfigurationPlatforms) = preSolution
		Debug|Any CPU = Debug|Any CPU
		Release|Any CPU = Release|Any CPU
	EndGlobalSection
	GlobalSection(ProjectConfigurationPlatforms) = postSolution
		{0A0ECEDF-9075-4280-8F23-A5CC10E21262}.Debug|Any CPU.ActiveCfg = Debug|Any CPU
		{0A0ECEDF-9075-4280-8F23-A5CC10E21262}.Debug|Any CPU.Build.0 = Debug|Any CPU
		{0A0ECEDF-9075-4280-8F23-A5CC10E21262}.Release|Any CPU.ActiveCfg = Release|Any CPU
		{0A0ECEDF-9075-4280-8F23-A5CC10E21262}.Release|Any CPU.Build.0 = Release|Any CPU
	EndGlobalSection
	GlobalSection(SolutionProperties) = preSolution
		HideSolutionNode = FALSE
	EndGlobalSection
	GlobalSection(ExtensibilityGlobals) = postSolution
		SolutionGuid = {450B0AED-7466-4C9B-A0E5-79C10828DB33}
	EndGlobalSection
EndGlobal
